
Microsoft Visual Studio Solution File, Format Version 12.00
# Visual Studio Version 17
VisualStudioVersion = 17.5.33424.131
MinimumVisualStudioVersion = 10.0.40219.1
Project("{8BC9CEB8-8B4A-11D0-8D11-00A0C91BC942}") = "Project36", "Project36\Project36.vcxproj", "{B8F3079A-6A18-4BC4-A3CB-E5A3B86741DB}"
EndProject
Global
	GlobalSection(SolutionConfigurationPlatforms) = preSolution
		Debug|x64 = Debug|x64
		Debug|x86 = Debug|x86
		Release|x64 = Release|x64
		Release|x86 = Release|x86
	EndGlobalSection
	GlobalSection(ProjectConfigurationPlatforms) = postSolution
		{B8F3079A-6A18-4BC4-A3CB-E5A3B86741DB}.Debug|x64.ActiveCfg = Debug|x64
		{B8F3079A-6A18-4BC4-A3CB-E5A3B86741DB}.Debug|x64.Build.0 = Debug|x64
		{B8F3079A-6A18-4BC4-A3CB-E5A3B86741DB}.Debug|x86.ActiveCfg = Debug|Win32
		{B8F3079A-6A18-4BC4-A3CB-E5A3B86741DB}.Debug|x86.Build.0 = Debug|Win32
		{B8F3079A-6A18-4BC4-A3CB-E5A3B86741DB}.Release|x64.ActiveCfg = Release|x64
		{B8F3079A-6A18-4BC4-A3CB-E5A3B86741DB}.Release|x64.Build.0 = Release|x64
		{B8F3079A-6A18-4BC4-A3CB-E5A3B86741DB}.Release|x86.ActiveCfg = Release|Win32
		{B8F3079A-6A18-4BC4-A3CB-E5A3B86741DB}.Release|x86.Build.0 = Release|Win32
	EndGlobalSection
	GlobalSection(SolutionProperties) = preSolution
		HideSolutionNode = FALSE
	EndGlobalSection
	GlobalSection(ExtensibilityGlobals) = postSolution
		SolutionGuid = {BF6EBAC3-5A3C-43D5-BB2B-EE941F3F25CC}
	EndGlobalSection
EndGlobal
